{
    "_readme": [
        "This file locks the dependencies of your project to a known state",
        "Read more about it at https://getcomposer.org/doc/01-basic-usage.md#installing-dependencies",
        "This file is @generated automatically"
    ],
    "content-hash": "bfe058ae2b59adc5f446c3ac752a67c3",
    "packages": [
        {
            "name": "athari/yalinqo",
            "version": "v2.4.2",
            "source": {
                "type": "git",
                "url": "https://github.com/Athari/YaLinqo.git",
                "reference": "cb8afe0c03a9ea639f9a14ea78641abb2b7682fb"
            },
            "dist": {
                "type": "zip",
                "url": "https://api.github.com/repos/Athari/YaLinqo/zipball/cb8afe0c03a9ea639f9a14ea78641abb2b7682fb",
                "reference": "cb8afe0c03a9ea639f9a14ea78641abb2b7682fb",
                "shasum": ""
            },
            "require": {
                "php": ">=5.5"
            },
            "require-dev": {
                "phpdocumentor/phpdocumentor": "^2.8",
                "phpunit/phpunit": "<6",
                "satooshi/php-coveralls": "^2.0"
            },
            "type": "library",
            "extra": {
                "branch-alias": {
                    "dev-master": "2.x-dev"
                }
            },
            "autoload": {
                "files": [
                    "YaLinqo/Linq.php"
                ],
                "psr-4": {
                    "YaLinqo\\": "YaLinqo/"
                }
            },
            "notification-url": "https://packagist.org/downloads/",
            "license": [
                "BSD-2-Clause"
            ],
            "authors": [
                {
                    "name": "Alexander Prokhorov",
                    "homepage": "https://github.com/Athari/"
                }
            ],
            "description": "YaLinqo, a LINQ-to-objects library for PHP",
            "homepage": "http://athari.github.io/YaLinqo",
            "keywords": [
                "linq",
                "linqo",
                "query",
                "statistic"
            ],
            "support": {
                "docs": "http://athari.github.io/YaLinqo",
                "issues": "https://github.com/Athari/YaLinqo/issues",
                "source": "https://github.com/Athari/YaLinqo"
            },
            "time": "2019-01-10T20:41:46+00:00"
        },
        {
            "name": "defuse/php-encryption",
            "version": "v2.2.1",
            "source": {
                "type": "git",
                "url": "https://github.com/defuse/php-encryption.git",
                "reference": "0f407c43b953d571421e0020ba92082ed5fb7620"
            },
            "dist": {
                "type": "zip",
                "url": "https://api.github.com/repos/defuse/php-encryption/zipball/0f407c43b953d571421e0020ba92082ed5fb7620",
                "reference": "0f407c43b953d571421e0020ba92082ed5fb7620",
                "shasum": ""
            },
            "require": {
                "ext-openssl": "*",
                "paragonie/random_compat": ">= 2",
                "php": ">=5.4.0"
            },
            "require-dev": {
                "nikic/php-parser": "^2.0|^3.0|^4.0",
                "phpunit/phpunit": "^4|^5"
            },
            "bin": [
                "bin/generate-defuse-key"
            ],
            "type": "library",
            "autoload": {
                "psr-4": {
                    "Defuse\\Crypto\\": "src"
                }
            },
            "notification-url": "https://packagist.org/downloads/",
            "license": [
                "MIT"
            ],
            "authors": [
                {
                    "name": "Taylor Hornby",
                    "email": "taylor@defuse.ca",
                    "homepage": "https://defuse.ca/"
                },
                {
                    "name": "Scott Arciszewski",
                    "email": "info@paragonie.com",
                    "homepage": "https://paragonie.com"
                }
            ],
            "description": "Secure PHP Encryption Library",
            "keywords": [
                "aes",
                "authenticated encryption",
                "cipher",
                "crypto",
                "cryptography",
                "encrypt",
                "encryption",
                "openssl",
                "security",
                "symmetric key cryptography"
            ],
            "support": {
                "issues": "https://github.com/defuse/php-encryption/issues",
                "source": "https://github.com/defuse/php-encryption/tree/master"
            },
            "time": "2018-07-24T23:27:56+00:00"
        },
        {
            "name": "dflydev/dot-access-data",
            "version": "v1.1.0",
            "source": {
                "type": "git",
                "url": "https://github.com/dflydev/dflydev-dot-access-data.git",
                "reference": "3fbd874921ab2c041e899d044585a2ab9795df8a"
            },
            "dist": {
                "type": "zip",
                "url": "https://api.github.com/repos/dflydev/dflydev-dot-access-data/zipball/3fbd874921ab2c041e899d044585a2ab9795df8a",
                "reference": "3fbd874921ab2c041e899d044585a2ab9795df8a",
                "shasum": ""
            },
            "require": {
                "php": ">=5.3.2"
            },
            "type": "library",
            "extra": {
                "branch-alias": {
                    "dev-master": "1.0-dev"
                }
            },
            "autoload": {
                "psr-0": {
                    "Dflydev\\DotAccessData": "src"
                }
            },
            "notification-url": "https://packagist.org/downloads/",
            "license": [
                "MIT"
            ],
            "authors": [
                {
                    "name": "Dragonfly Development Inc.",
                    "email": "info@dflydev.com",
                    "homepage": "http://dflydev.com"
                },
                {
                    "name": "Beau Simensen",
                    "email": "beau@dflydev.com",
                    "homepage": "http://beausimensen.com"
                },
                {
                    "name": "Carlos Frutos",
                    "email": "carlos@kiwing.it",
                    "homepage": "https://github.com/cfrutos"
                }
            ],
            "description": "Given a deep data structure, access data by dot notation.",
            "homepage": "https://github.com/dflydev/dflydev-dot-access-data",
            "keywords": [
                "access",
                "data",
                "dot",
                "notation"
            ],
            "support": {
                "issues": "https://github.com/dflydev/dflydev-dot-access-data/issues",
                "source": "https://github.com/dflydev/dflydev-dot-access-data/tree/master"
            },
            "time": "2017-01-20T21:14:22+00:00"
        },
        {
            "name": "ezyang/htmlpurifier",
            "version": "v4.14.0",
            "source": {
                "type": "git",
                "url": "https://github.com/ezyang/htmlpurifier.git",
                "reference": "12ab42bd6e742c70c0a52f7b82477fcd44e64b75"
            },
            "dist": {
                "type": "zip",
                "url": "https://api.github.com/repos/ezyang/htmlpurifier/zipball/12ab42bd6e742c70c0a52f7b82477fcd44e64b75",
                "reference": "12ab42bd6e742c70c0a52f7b82477fcd44e64b75",
                "shasum": ""
            },
            "require": {
                "php": ">=5.2"
            },
            "type": "library",
            "autoload": {
                "files": [
                    "library/HTMLPurifier.composer.php"
                ],
                "psr-0": {
                    "HTMLPurifier": "library/"
                },
                "exclude-from-classmap": [
                    "/library/HTMLPurifier/Language/"
                ]
            },
            "notification-url": "https://packagist.org/downloads/",
            "license": [
                "LGPL-2.1-or-later"
            ],
            "authors": [
                {
                    "name": "Edward Z. Yang",
                    "email": "admin@htmlpurifier.org",
                    "homepage": "http://ezyang.com"
                }
            ],
            "description": "Standards compliant HTML filter written in PHP",
            "homepage": "http://htmlpurifier.org/",
            "keywords": [
                "html"
            ],
            "support": {
                "issues": "https://github.com/ezyang/htmlpurifier/issues",
                "source": "https://github.com/ezyang/htmlpurifier/tree/v4.14.0"
            },
            "time": "2021-12-25T01:21:49+00:00"
        },
        {
            "name": "firebase/php-jwt",
            "version": "v5.5.1",
            "source": {
                "type": "git",
                "url": "https://github.com/firebase/php-jwt.git",
                "reference": "83b609028194aa042ea33b5af2d41a7427de80e6"
            },
            "dist": {
                "type": "zip",
                "url": "https://api.github.com/repos/firebase/php-jwt/zipball/83b609028194aa042ea33b5af2d41a7427de80e6",
                "reference": "83b609028194aa042ea33b5af2d41a7427de80e6",
                "shasum": ""
            },
            "require": {
                "php": ">=5.3.0"
            },
            "require-dev": {
                "phpunit/phpunit": ">=4.8 <=9"
            },
            "suggest": {
                "paragonie/sodium_compat": "Support EdDSA (Ed25519) signatures when libsodium is not present"
            },
            "type": "library",
            "autoload": {
                "psr-4": {
                    "Firebase\\JWT\\": "src"
                }
            },
            "notification-url": "https://packagist.org/downloads/",
            "license": [
                "BSD-3-Clause"
            ],
            "authors": [
                {
                    "name": "Neuman Vong",
                    "email": "neuman+pear@twilio.com",
                    "role": "Developer"
                },
                {
                    "name": "Anant Narayanan",
                    "email": "anant@php.net",
                    "role": "Developer"
                }
            ],
            "description": "A simple library to encode and decode JSON Web Tokens (JWT) in PHP. Should conform to the current spec.",
            "homepage": "https://github.com/firebase/php-jwt",
            "keywords": [
                "jwt",
                "php"
            ],
            "support": {
                "issues": "https://github.com/firebase/php-jwt/issues",
                "source": "https://github.com/firebase/php-jwt/tree/v5.5.1"
            },
            "time": "2021-11-08T20:18:51+00:00"
        },
        {
            "name": "hkvstore/dompdf",
            "version": "0.8.502",
            "source": {
                "type": "git",
                "url": "https://github.com/hkvstore/dompdf.git",
                "reference": "627b5ffc61835872c167cf612518770e0eea0747"
            },
            "dist": {
                "type": "zip",
                "url": "https://api.github.com/repos/hkvstore/dompdf/zipball/627b5ffc61835872c167cf612518770e0eea0747",
                "reference": "627b5ffc61835872c167cf612518770e0eea0747",
                "shasum": ""
            },
            "require": {
                "ext-dom": "*",
                "ext-mbstring": "*",
                "phenx/php-font-lib": "^0.5.1",
                "phenx/php-svg-lib": "^0.3.3",
                "php": "^7.2|^8.0"
            },
            "require-dev": {
                "phpunit/phpunit": "^7.5",
                "squizlabs/php_codesniffer": "^3.5"
            },
            "suggest": {
                "ext-gd": "Needed to process images",
                "ext-gmagick": "Improves image processing performance",
                "ext-imagick": "Improves image processing performance"
            },
            "type": "library",
            "extra": {
                "branch-alias": {
                    "dev-develop": "0.7-dev"
                }
            },
            "autoload": {
                "psr-4": {
                    "Dompdf\\": "src/"
                },
                "classmap": [
                    "lib/"
                ]
            },
            "notification-url": "https://packagist.org/downloads/",
            "license": [
                "LGPL-2.1"
            ],
            "authors": [
                {
                    "name": "Fabien Ménager",
                    "email": "fabien.menager@gmail.com"
                },
                {
                    "name": "Brian Sweeney",
                    "email": "eclecticgeek@gmail.com"
                },
                {
                    "name": "Gabriel Bull",
                    "email": "me@gabrielbull.com"
                }
            ],
            "description": "DOMPDF is a CSS 2.1 compliant HTML to PDF converter",
            "homepage": "https://github.com/dompdf/dompdf",
            "support": {
                "issues": "https://github.com/hkvstore/dompdf/issues",
                "source": "https://github.com/hkvstore/dompdf/tree/0.8.502"
            },
            "time": "2021-01-06T10:26:36+00:00"
        },
        {
            "name": "hkvstore/phpthumb",
            "version": "v2.1.6",
            "source": {
                "type": "git",
                "url": "https://github.com/hkvstore/PHPThumb.git",
                "reference": "2b81cb607e2c4dfdf022673a476057281dbf0668"
            },
            "dist": {
                "type": "zip",
                "url": "https://api.github.com/repos/hkvstore/PHPThumb/zipball/2b81cb607e2c4dfdf022673a476057281dbf0668",
                "reference": "2b81cb607e2c4dfdf022673a476057281dbf0668",
                "shasum": ""
            },
            "require": {
                "php": ">=5.3.0"
            },
            "type": "library",
            "autoload": {
                "psr-0": {
                    "PHPThumb": "src"
                }
            },
            "notification-url": "https://packagist.org/downloads/",
            "license": [
                "MIT"
            ],
            "authors": [
                {
                    "name": "Ian Selby",
                    "email": "ian@gxdlabs.com"
                },
                {
                    "name": "Jarrod Nettles",
                    "email": "jarrod.nettles@icloud.com"
                },
                {
                    "name": "e.World Technology Limited",
                    "email": "sales@hkvstore.com"
                }
            ],
            "description": "A library for manipulating images in PHP.",
            "homepage": "https://github.com/hkvstore/PHPThumb",
            "keywords": [
                "image",
                "resize",
                "rotate"
            ],
            "support": {
                "issues": "https://github.com/hkvstore/PHPThumb/issues",
                "source": "https://github.com/hkvstore/PHPThumb/tree/v2.1.6"
            },
            "time": "2022-03-07T06:12:34+00:00"
        },
        {
            "name": "mobiledetect/mobiledetectlib",
            "version": "2.8.39",
            "source": {
                "type": "git",
                "url": "https://github.com/serbanghita/Mobile-Detect.git",
                "reference": "0fd6753003fc870f6e229bae869cc1337c99bc45"
            },
            "dist": {
                "type": "zip",
                "url": "https://api.github.com/repos/serbanghita/Mobile-Detect/zipball/0fd6753003fc870f6e229bae869cc1337c99bc45",
                "reference": "0fd6753003fc870f6e229bae869cc1337c99bc45",
                "shasum": ""
            },
            "require": {
                "php": ">=5.0.0"
            },
            "require-dev": {
                "phpunit/phpunit": "~4.8.35||~5.7"
            },
            "type": "library",
            "autoload": {
                "psr-0": {
                    "Detection": "namespaced/"
                },
                "classmap": [
                    "Mobile_Detect.php"
                ]
            },
            "notification-url": "https://packagist.org/downloads/",
            "license": [
                "MIT"
            ],
            "authors": [
                {
                    "name": "Serban Ghita",
                    "email": "serbanghita@gmail.com",
                    "homepage": "http://mobiledetect.net",
                    "role": "Developer"
                }
            ],
            "description": "Mobile_Detect is a lightweight PHP class for detecting mobile devices. It uses the User-Agent string combined with specific HTTP headers to detect the mobile environment.",
            "homepage": "https://github.com/serbanghita/Mobile-Detect",
            "keywords": [
                "detect mobile devices",
                "mobile",
                "mobile detect",
                "mobile detector",
                "php mobile detect"
            ],
            "support": {
                "issues": "https://github.com/serbanghita/Mobile-Detect/issues",
                "source": "https://github.com/serbanghita/Mobile-Detect/tree/2.8.39"
            },
            "time": "2022-02-17T19:24:25+00:00"
        },
        {
            "name": "nikic/fast-route",
            "version": "v1.3.0",
            "source": {
                "type": "git",
                "url": "https://github.com/nikic/FastRoute.git",
                "reference": "181d480e08d9476e61381e04a71b34dc0432e812"
            },
            "dist": {
                "type": "zip",
                "url": "https://api.github.com/repos/nikic/FastRoute/zipball/181d480e08d9476e61381e04a71b34dc0432e812",
                "reference": "181d480e08d9476e61381e04a71b34dc0432e812",
                "shasum": ""
            },
            "require": {
                "php": ">=5.4.0"
            },
            "require-dev": {
                "phpunit/phpunit": "^4.8.35|~5.7"
            },
            "type": "library",
            "autoload": {
                "files": [
                    "src/functions.php"
                ],
                "psr-4": {
                    "FastRoute\\": "src/"
                }
            },
            "notification-url": "https://packagist.org/downloads/",
            "license": [
                "BSD-3-Clause"
            ],
            "authors": [
                {
                    "name": "Nikita Popov",
                    "email": "nikic@php.net"
                }
            ],
            "description": "Fast request router for PHP",
            "keywords": [
                "router",
                "routing"
            ],
            "support": {
                "issues": "https://github.com/nikic/FastRoute/issues",
                "source": "https://github.com/nikic/FastRoute/tree/master"
            },
            "time": "2018-02-13T20:26:39+00:00"
        },
        {
            "name": "paragonie/random_compat",
            "version": "v9.99.100",
            "source": {
                "type": "git",
                "url": "https://github.com/paragonie/random_compat.git",
                "reference": "996434e5492cb4c3edcb9168db6fbb1359ef965a"
            },
            "dist": {
                "type": "zip",
                "url": "https://api.github.com/repos/paragonie/random_compat/zipball/996434e5492cb4c3edcb9168db6fbb1359ef965a",
                "reference": "996434e5492cb4c3edcb9168db6fbb1359ef965a",
                "shasum": ""
            },
            "require": {
                "php": ">= 7"
            },
            "require-dev": {
                "phpunit/phpunit": "4.*|5.*",
                "vimeo/psalm": "^1"
            },
            "suggest": {
                "ext-libsodium": "Provides a modern crypto API that can be used to generate random bytes."
            },
            "type": "library",
            "notification-url": "https://packagist.org/downloads/",
            "license": [
                "MIT"
            ],
            "authors": [
                {
                    "name": "Paragon Initiative Enterprises",
                    "email": "security@paragonie.com",
                    "homepage": "https://paragonie.com"
                }
            ],
            "description": "PHP 5.x polyfill for random_bytes() and random_int() from PHP 7",
            "keywords": [
                "csprng",
                "polyfill",
                "pseudorandom",
                "random"
            ],
            "support": {
                "email": "info@paragonie.com",
                "issues": "https://github.com/paragonie/random_compat/issues",
                "source": "https://github.com/paragonie/random_compat"
            },
            "time": "2020-10-15T08:29:30+00:00"
        },
        {
            "name": "phenx/php-font-lib",
            "version": "0.5.4",
            "source": {
                "type": "git",
                "url": "https://github.com/dompdf/php-font-lib.git",
                "reference": "dd448ad1ce34c63d09baccd05415e361300c35b4"
            },
            "dist": {
                "type": "zip",
                "url": "https://api.github.com/repos/dompdf/php-font-lib/zipball/dd448ad1ce34c63d09baccd05415e361300c35b4",
                "reference": "dd448ad1ce34c63d09baccd05415e361300c35b4",
                "shasum": ""
            },
            "require": {
                "ext-mbstring": "*"
            },
            "require-dev": {
                "symfony/phpunit-bridge": "^3 || ^4 || ^5"
            },
            "type": "library",
            "autoload": {
                "psr-4": {
                    "FontLib\\": "src/FontLib"
                }
            },
            "notification-url": "https://packagist.org/downloads/",
            "license": [
                "LGPL-3.0"
            ],
            "authors": [
                {
                    "name": "Fabien Ménager",
                    "email": "fabien.menager@gmail.com"
                }
            ],
            "description": "A library to read, parse, export and make subsets of different types of font files.",
            "homepage": "https://github.com/PhenX/php-font-lib",
            "support": {
                "issues": "https://github.com/dompdf/php-font-lib/issues",
                "source": "https://github.com/dompdf/php-font-lib/tree/0.5.4"
            },
            "time": "2021-12-17T19:44:54+00:00"
        },
        {
            "name": "phenx/php-svg-lib",
            "version": "0.3.4",
            "source": {
                "type": "git",
                "url": "https://github.com/PhenX/php-svg-lib.git",
                "reference": "f627771eb854aa7f45f80add0f23c6c4d67ea0f2"
            },
            "dist": {
                "type": "zip",
                "url": "https://api.github.com/repos/PhenX/php-svg-lib/zipball/f627771eb854aa7f45f80add0f23c6c4d67ea0f2",
                "reference": "f627771eb854aa7f45f80add0f23c6c4d67ea0f2",
                "shasum": ""
            },
            "require": {
                "php": "^7.4 || ^8.0",
                "sabberworm/php-css-parser": "^8.3"
            },
            "require-dev": {
                "phpunit/phpunit": "^9.5"
            },
            "type": "library",
            "autoload": {
                "psr-4": {
                    "Svg\\": "src/Svg"
                }
            },
            "notification-url": "https://packagist.org/downloads/",
            "license": [
                "LGPL-3.0"
            ],
            "authors": [
                {
                    "name": "Fabien Ménager",
                    "email": "fabien.menager@gmail.com"
                }
            ],
            "description": "A library to read, parse and export to PDF SVG files.",
            "homepage": "https://github.com/PhenX/php-svg-lib",
            "support": {
                "issues": "https://github.com/PhenX/php-svg-lib/issues",
                "source": "https://github.com/PhenX/php-svg-lib/tree/0.3.4"
            },
            "time": "2021-10-18T02:13:32+00:00"
        },
        {
            "name": "phpmailer/phpmailer",
            "version": "v6.0.7",
            "source": {
                "type": "git",
                "url": "https://github.com/PHPMailer/PHPMailer.git",
                "reference": "0c41a36d4508d470e376498c1c0c527aa36a2d59"
            },
            "dist": {
                "type": "zip",
                "url": "https://api.github.com/repos/PHPMailer/PHPMailer/zipball/0c41a36d4508d470e376498c1c0c527aa36a2d59",
                "reference": "0c41a36d4508d470e376498c1c0c527aa36a2d59",
                "shasum": ""
            },
            "require": {
                "ext-ctype": "*",
                "ext-filter": "*",
                "php": ">=5.5.0"
            },
            "require-dev": {
                "doctrine/annotations": "1.2.*",
                "friendsofphp/php-cs-fixer": "^2.2",
                "phpdocumentor/phpdocumentor": "2.*",
                "phpunit/phpunit": "^4.8 || ^5.7",
                "zendframework/zend-eventmanager": "3.0.*",
                "zendframework/zend-i18n": "2.7.3",
                "zendframework/zend-serializer": "2.7.*"
            },
            "suggest": {
                "ext-mbstring": "Needed to send email in multibyte encoding charset",
                "hayageek/oauth2-yahoo": "Needed for Yahoo XOAUTH2 authentication",
                "league/oauth2-google": "Needed for Google XOAUTH2 authentication",
                "psr/log": "For optional PSR-3 debug logging",
                "stevenmaguire/oauth2-microsoft": "Needed for Microsoft XOAUTH2 authentication",
                "symfony/polyfill-mbstring": "To support UTF-8 if the Mbstring PHP extension is not enabled (^1.2)"
            },
            "type": "library",
            "autoload": {
                "psr-4": {
                    "PHPMailer\\PHPMailer\\": "src/"
                }
            },
            "notification-url": "https://packagist.org/downloads/",
            "license": [
                "LGPL-2.1"
            ],
            "authors": [
                {
                    "name": "Jim Jagielski",
                    "email": "jimjag@gmail.com"
                },
                {
                    "name": "Marcus Bointon",
                    "email": "phpmailer@synchromedia.co.uk"
                },
                {
                    "name": "Andy Prevost",
                    "email": "codeworxtech@users.sourceforge.net"
                },
                {
                    "name": "Brent R. Matzelle"
                }
            ],
            "description": "PHPMailer is a full-featured email creation and transfer class for PHP",
            "support": {
                "issues": "https://github.com/PHPMailer/PHPMailer/issues",
                "source": "https://github.com/PHPMailer/PHPMailer/tree/v6.0.7"
            },
            "time": "2019-02-01T15:04:28+00:00"
        },
        {
            "name": "pimple/pimple",
            "version": "v3.5.0",
            "source": {
                "type": "git",
                "url": "https://github.com/silexphp/Pimple.git",
                "reference": "a94b3a4db7fb774b3d78dad2315ddc07629e1bed"
            },
            "dist": {
                "type": "zip",
                "url": "https://api.github.com/repos/silexphp/Pimple/zipball/a94b3a4db7fb774b3d78dad2315ddc07629e1bed",
                "reference": "a94b3a4db7fb774b3d78dad2315ddc07629e1bed",
                "shasum": ""
            },
            "require": {
                "php": ">=7.2.5",
                "psr/container": "^1.1 || ^2.0"
            },
            "require-dev": {
                "symfony/phpunit-bridge": "^5.4@dev"
            },
            "type": "library",
            "extra": {
                "branch-alias": {
                    "dev-master": "3.4.x-dev"
                }
            },
            "autoload": {
                "psr-0": {
                    "Pimple": "src/"
                }
            },
            "notification-url": "https://packagist.org/downloads/",
            "license": [
                "MIT"
            ],
            "authors": [
                {
                    "name": "Fabien Potencier",
                    "email": "fabien@symfony.com"
                }
            ],
            "description": "Pimple, a simple Dependency Injection Container",
            "homepage": "https://pimple.symfony.com",
            "keywords": [
                "container",
                "dependency injection"
            ],
            "support": {
                "source": "https://github.com/silexphp/Pimple/tree/v3.5.0"
            },
            "time": "2021-10-28T11:13:42+00:00"
        },
        {
            "name": "psr/container",
            "version": "1.1.2",
            "source": {
                "type": "git",
                "url": "https://github.com/php-fig/container.git",
                "reference": "513e0666f7216c7459170d56df27dfcefe1689ea"
            },
            "dist": {
                "type": "zip",
                "url": "https://api.github.com/repos/php-fig/container/zipball/513e0666f7216c7459170d56df27dfcefe1689ea",
                "reference": "513e0666f7216c7459170d56df27dfcefe1689ea",
                "shasum": ""
            },
            "require": {
                "php": ">=7.4.0"
            },
            "type": "library",
            "autoload": {
                "psr-4": {
                    "Psr\\Container\\": "src/"
                }
            },
            "notification-url": "https://packagist.org/downloads/",
            "license": [
                "MIT"
            ],
            "authors": [
                {
                    "name": "PHP-FIG",
                    "homepage": "https://www.php-fig.org/"
                }
            ],
            "description": "Common Container Interface (PHP FIG PSR-11)",
            "homepage": "https://github.com/php-fig/container",
            "keywords": [
                "PSR-11",
                "container",
                "container-interface",
                "container-interop",
                "psr"
            ],
            "support": {
                "issues": "https://github.com/php-fig/container/issues",
                "source": "https://github.com/php-fig/container/tree/1.1.2"
            },
            "time": "2021-11-05T16:50:12+00:00"
        },
        {
            "name": "psr/http-message",
            "version": "1.0.1",
            "source": {
                "type": "git",
                "url": "https://github.com/php-fig/http-message.git",
                "reference": "f6561bf28d520154e4b0ec72be95418abe6d9363"
            },
            "dist": {
                "type": "zip",
                "url": "https://api.github.com/repos/php-fig/http-message/zipball/f6561bf28d520154e4b0ec72be95418abe6d9363",
                "reference": "f6561bf28d520154e4b0ec72be95418abe6d9363",
                "shasum": ""
            },
            "require": {
                "php": ">=5.3.0"
            },
            "type": "library",
            "extra": {
                "branch-alias": {
                    "dev-master": "1.0.x-dev"
                }
            },
            "autoload": {
                "psr-4": {
                    "Psr\\Http\\Message\\": "src/"
                }
            },
            "notification-url": "https://packagist.org/downloads/",
            "license": [
                "MIT"
            ],
            "authors": [
                {
                    "name": "PHP-FIG",
                    "homepage": "http://www.php-fig.org/"
                }
            ],
            "description": "Common interface for HTTP messages",
            "homepage": "https://github.com/php-fig/http-message",
            "keywords": [
                "http",
                "http-message",
                "psr",
                "psr-7",
                "request",
                "response"
            ],
            "support": {
                "source": "https://github.com/php-fig/http-message/tree/master"
            },
            "time": "2016-08-06T14:39:51+00:00"
        },
        {
            "name": "psr/log",
            "version": "1.1.4",
            "source": {
                "type": "git",
                "url": "https://github.com/php-fig/log.git",
                "reference": "d49695b909c3b7628b6289db5479a1c204601f11"
            },
            "dist": {
                "type": "zip",
                "url": "https://api.github.com/repos/php-fig/log/zipball/d49695b909c3b7628b6289db5479a1c204601f11",
                "reference": "d49695b909c3b7628b6289db5479a1c204601f11",
                "shasum": ""
            },
            "require": {
                "php": ">=5.3.0"
            },
            "type": "library",
            "extra": {
                "branch-alias": {
                    "dev-master": "1.1.x-dev"
                }
            },
            "autoload": {
                "psr-4": {
                    "Psr\\Log\\": "Psr/Log/"
                }
            },
            "notification-url": "https://packagist.org/downloads/",
            "license": [
                "MIT"
            ],
            "authors": [
                {
                    "name": "PHP-FIG",
                    "homepage": "https://www.php-fig.org/"
                }
            ],
            "description": "Common interface for logging libraries",
            "homepage": "https://github.com/php-fig/log",
            "keywords": [
                "log",
                "psr",
                "psr-3"
            ],
            "support": {
                "source": "https://github.com/php-fig/log/tree/1.1.4"
            },
            "time": "2021-05-03T11:20:27+00:00"
        },
        {
            "name": "sabberworm/php-css-parser",
            "version": "8.4.0",
            "source": {
                "type": "git",
                "url": "https://github.com/sabberworm/PHP-CSS-Parser.git",
                "reference": "e41d2140031d533348b2192a83f02d8dd8a71d30"
            },
            "dist": {
                "type": "zip",
                "url": "https://api.github.com/repos/sabberworm/PHP-CSS-Parser/zipball/e41d2140031d533348b2192a83f02d8dd8a71d30",
                "reference": "e41d2140031d533348b2192a83f02d8dd8a71d30",
                "shasum": ""
            },
            "require": {
                "ext-iconv": "*",
                "php": ">=5.6.20"
            },
            "require-dev": {
                "codacy/coverage": "^1.4",
                "phpunit/phpunit": "^4.8.36"
            },
            "suggest": {
                "ext-mbstring": "for parsing UTF-8 CSS"
            },
            "type": "library",
            "autoload": {
                "psr-4": {
                    "Sabberworm\\CSS\\": "src/"
                }
            },
            "notification-url": "https://packagist.org/downloads/",
            "license": [
                "MIT"
            ],
            "authors": [
                {
                    "name": "Raphael Schweikert"
                }
            ],
            "description": "Parser for CSS Files written in PHP",
            "homepage": "https://www.sabberworm.com/blog/2010/6/10/php-css-parser",
            "keywords": [
                "css",
                "parser",
                "stylesheet"
            ],
            "support": {
                "issues": "https://github.com/sabberworm/PHP-CSS-Parser/issues",
                "source": "https://github.com/sabberworm/PHP-CSS-Parser/tree/8.4.0"
            },
            "time": "2021-12-11T13:40:54+00:00"
        },
        {
            "name": "slim/http-cache",
            "version": "0.4.0",
            "source": {
                "type": "git",
                "url": "https://github.com/slimphp/Slim-HttpCache.git",
                "reference": "1ebc8984718d500e50c410a75063484ceebde468"
            },
            "dist": {
                "type": "zip",
                "url": "https://api.github.com/repos/slimphp/Slim-HttpCache/zipball/1ebc8984718d500e50c410a75063484ceebde468",
                "reference": "1ebc8984718d500e50c410a75063484ceebde468",
                "shasum": ""
            },
            "require": {
                "php": ">=5.5.0",
                "psr/http-message": "^1.0"
            },
            "require-dev": {
                "phpunit/phpunit": "^4.0",
                "slim/slim": "^3.0"
            },
            "type": "library",
            "autoload": {
                "psr-4": {
                    "Slim\\HttpCache\\": "src"
                }
            },
            "notification-url": "https://packagist.org/downloads/",
            "license": [
                "MIT"
            ],
            "authors": [
                {
                    "name": "Josh Lockhart",
                    "email": "hello@joshlockhart.com",
                    "homepage": "http://joshlockhart.com"
                }
            ],
            "description": "Slim Framework HTTP cache middleware and service provider",
            "homepage": "http://slimframework.com",
            "keywords": [
                "cache",
                "framework",
                "middleware",
                "slim"
            ],
            "support": {
                "issues": "https://github.com/slimphp/Slim-HttpCache/issues",
                "source": "https://github.com/slimphp/Slim-HttpCache/tree/master"
            },
            "time": "2017-09-20T19:36:50+00:00"
        },
        {
            "name": "slim/slim",
            "version": "3.12.3",
            "source": {
                "type": "git",
                "url": "https://github.com/slimphp/Slim.git",
                "reference": "1c9318a84ffb890900901136d620b4f03a59da38"
            },
            "dist": {
                "type": "zip",
                "url": "https://api.github.com/repos/slimphp/Slim/zipball/1c9318a84ffb890900901136d620b4f03a59da38",
                "reference": "1c9318a84ffb890900901136d620b4f03a59da38",
                "shasum": ""
            },
            "require": {
                "ext-json": "*",
                "ext-libxml": "*",
                "ext-simplexml": "*",
                "nikic/fast-route": "^1.0",
                "php": ">=5.5.0",
                "pimple/pimple": "^3.0",
                "psr/container": "^1.0",
                "psr/http-message": "^1.0"
            },
            "provide": {
                "psr/http-message-implementation": "1.0"
            },
            "require-dev": {
                "phpunit/phpunit": "^4.0",
                "squizlabs/php_codesniffer": "^2.5"
            },
            "type": "library",
            "autoload": {
                "psr-4": {
                    "Slim\\": "Slim"
                }
            },
            "notification-url": "https://packagist.org/downloads/",
            "license": [
                "MIT"
            ],
            "authors": [
                {
                    "name": "Josh Lockhart",
                    "email": "hello@joshlockhart.com",
                    "homepage": "https://joshlockhart.com"
                },
                {
                    "name": "Andrew Smith",
                    "email": "a.smith@silentworks.co.uk",
                    "homepage": "http://silentworks.co.uk"
                },
                {
                    "name": "Rob Allen",
                    "email": "rob@akrabat.com",
                    "homepage": "http://akrabat.com"
                },
                {
                    "name": "Gabriel Manricks",
                    "email": "gmanricks@me.com",
                    "homepage": "http://gabrielmanricks.com"
                }
            ],
            "description": "Slim is a PHP micro framework that helps you quickly write simple yet powerful web applications and APIs",
            "homepage": "https://slimframework.com",
            "keywords": [
                "api",
                "framework",
                "micro",
                "router"
            ],
            "support": {
                "issues": "https://github.com/slimphp/Slim/issues",
                "source": "https://github.com/slimphp/Slim/tree/3.x"
            },
            "time": "2019-11-28T17:40:33+00:00"
        },
        {
            "name": "soundasleep/html2text",
            "version": "0.5.0",
            "source": {
                "type": "git",
                "url": "https://github.com/soundasleep/html2text.git",
                "reference": "cdb89f6ffa2c4cc78f8ed9ea6ee0594a9133ccad"
            },
            "dist": {
                "type": "zip",
                "url": "https://api.github.com/repos/soundasleep/html2text/zipball/cdb89f6ffa2c4cc78f8ed9ea6ee0594a9133ccad",
                "reference": "cdb89f6ffa2c4cc78f8ed9ea6ee0594a9133ccad",
                "shasum": ""
            },
            "require": {
                "ext-dom": "*",
                "ext-libxml": "*",
                "php": ">=5.3.2"
            },
            "require-dev": {
                "phpunit/phpunit": ">=4.0",
                "soundasleep/component-tests": "dev-master"
            },
            "type": "library",
            "autoload": {
                "psr-4": {
                    "Html2Text\\": "src"
                }
            },
            "notification-url": "https://packagist.org/downloads/",
            "license": [
                "EPL-1.0"
            ],
            "authors": [
                {
                    "name": "Jevon Wright",
                    "homepage": "https://jevon.org",
                    "role": "Developer"
                }
            ],
            "description": "A PHP script to convert HTML into a plain text format",
            "homepage": "https://github.com/soundasleep/html2text",
            "keywords": [
                "email",
                "html",
                "php",
                "text"
            ],
            "support": {
                "email": "support@jevon.org",
                "issues": "https://github.com/soundasleep/html2text/issues",
                "source": "https://github.com/soundasleep/html2text/tree/master"
            },
            "time": "2017-04-19T22:01:50+00:00"
        },
        {
            "name": "tuupola/slim-jwt-auth",
            "version": "2.4.0",
            "source": {
                "type": "git",
                "url": "https://github.com/tuupola/slim-jwt-auth.git",
                "reference": "bca54de41a8207d4d67faf3601a06a96cb7ed48f"
            },
            "dist": {
                "type": "zip",
                "url": "https://api.github.com/repos/tuupola/slim-jwt-auth/zipball/bca54de41a8207d4d67faf3601a06a96cb7ed48f",
                "reference": "bca54de41a8207d4d67faf3601a06a96cb7ed48f",
                "shasum": ""
            },
            "require": {
                "firebase/php-jwt": "^3.0 || ^4.0 || ^5.0",
                "php": "^5.5 || ^7.0",
                "psr/http-message": "^1.0",
                "psr/log": "^1.0"
            },
            "require-dev": {
                "overtrue/phplint": "^0.2.4",
                "phpunit/phpunit": "^4.6",
                "squizlabs/php_codesniffer": "^2.3",
                "zendframework/zend-diactoros": "^1.3"
            },
            "type": "library",
            "autoload": {
                "psr-4": {
                    "Slim\\Middleware\\": "src"
                }
            },
            "notification-url": "https://packagist.org/downloads/",
            "license": [
                "MIT"
            ],
            "authors": [
                {
                    "name": "Mika Tuupola",
                    "email": "tuupola@appelsiini.net",
                    "homepage": "http://www.appelsiini.net/",
                    "role": "Developer"
                }
            ],
            "description": "PSR-7 JWT Authentication Middleware",
            "homepage": "https://github.com/tuupola/slim-jwt-auth",
            "keywords": [
                "auth",
                "json",
                "jwt",
                "middleware",
                "psr-7"
            ],
            "support": {
                "issues": "https://github.com/tuupola/slim-jwt-auth/issues",
                "source": "https://github.com/tuupola/slim-jwt-auth/tree/2.x"
            },
            "time": "2018-04-03T06:12:18+00:00"
        }
    ],
    "packages-dev": [],
    "aliases": [],
    "minimum-stability": "stable",
    "stability-flags": [],
    "prefer-stable": false,
    "prefer-lowest": false,
    "platform": {
        "php": ">=5.6.0"
    },
    "platform-dev": [],
    "plugin-api-version": "2.3.0"
}
